
Microsoft Visual Studio Solution File, Format Version 12.00
# Visual Studio Version 17
VisualStudioVersion = 17.9.34622.214
MinimumVisualStudioVersion = 10.0.40219.1
Project("{FAE04EC0-301F-11D3-BF4B-00C04F79EFBC}") = "Tarea_4", "Tarea_4\Tarea_4.csproj", "{34A387CB-3E0D-4C3C-AB0C-E6D39BED4F7D}"
EndProject
Global
	GlobalSection(SolutionConfigurationPlatforms) = preSolution
		Debug|Any CPU = Debug|Any CPU
		Release|Any CPU = Release|Any CPU
	EndGlobalSection
	GlobalSection(ProjectConfigurationPlatforms) = postSolution
		{34A387CB-3E0D-4C3C-AB0C-E6D39BED4F7D}.Debug|Any CPU.ActiveCfg = Debug|Any CPU
		{34A387CB-3E0D-4C3C-AB0C-E6D39BED4F7D}.Debug|Any CPU.Build.0 = Debug|Any CPU
		{34A387CB-3E0D-4C3C-AB0C-E6D39BED4F7D}.Release|Any CPU.ActiveCfg = Release|Any CPU
		{34A387CB-3E0D-4C3C-AB0C-E6D39BED4F7D}.Release|Any CPU.Build.0 = Release|Any CPU
	EndGlobalSection
	GlobalSection(SolutionProperties) = preSolution
		HideSolutionNode = FALSE
	EndGlobalSection
	GlobalSection(ExtensibilityGlobals) = postSolution
		SolutionGuid = {08A1369C-D25F-49C0-B23B-CF71B2457DB3}
	EndGlobalSection
EndGlobal
